
Microsoft Visual Studio Solution File, Format Version 12.00
# Visual Studio Version 17
VisualStudioVersion = 17.14.36603.0
MinimumVisualStudioVersion = 10.0.40219.1
Project("{2150E333-8FDC-42A3-9474-1A3956D46DE8}") = "src", "src", "{02EA681E-C7D8-13C7-8484-4AC65E1B71E8}"
EndProject
Project("{2150E333-8FDC-42A3-9474-1A3956D46DE8}") = "01-Domain", "01-Domain", "{76064484-2AC5-40CC-980D-D56310881430}"
EndProject
Project("{2150E333-8FDC-42A3-9474-1A3956D46DE8}") = "02-Infrastructure", "02-Infrastructure", "{7C56CD25-4EED-4B6A-B448-6434E7D62C18}"
EndProject
Project("{2150E333-8FDC-42A3-9474-1A3956D46DE8}") = "03-EndPoints", "03-EndPoints", "{10629E17-D031-4EE9-807E-A6DE13FB55BE}"
EndProject
Project("{2150E333-8FDC-42A3-9474-1A3956D46DE8}") = "Core", "Core", "{6515B62A-6BF5-49ED-97CF-34E88C058EC6}"
EndProject
Project("{2150E333-8FDC-42A3-9474-1A3956D46DE8}") = "Services", "Services", "{C8844109-9274-464C-B147-DF764EDD9E8E}"
EndProject
Project("{2150E333-8FDC-42A3-9474-1A3956D46DE8}") = "Application-Services", "Application-Services", "{9E96345A-E63D-4E2A-A797-EECA9CF78F30}"
EndProject
Project("{2150E333-8FDC-42A3-9474-1A3956D46DE8}") = "Services", "Services", "{AB342137-E31E-40D7-8ADB-1FF4101E8DD9}"
EndProject
Project("{FAE04EC0-301F-11D3-BF4B-00C04F79EFBC}") = "MaktabToDoList.Domain.Core", "src\01-Domain\Core\MaktabToDoList.Domain.Core\MaktabToDoList.Domain.Core.csproj", "{A126D3A4-31B4-4CBF-920F-C9A94A5A6844}"
EndProject
Project("{FAE04EC0-301F-11D3-BF4B-00C04F79EFBC}") = "MaktabToDoList.Domain.Services.Services", "src\01-Domain\Services\Services\MaktabToDoList.Domain.Services.Services\MaktabToDoList.Domain.Services.Services.csproj", "{43F45986-176D-4577-8DBF-DD626FDEC717}"
EndProject
Project("{FAE04EC0-301F-11D3-BF4B-00C04F79EFBC}") = "MaktabToDoList.Infrastructure.EFCore", "src\02-Infrastructure\MaktabToDoList.Infrastructure.EFCore\MaktabToDoList.Infrastructure.EFCore.csproj", "{40D5B033-68B7-440D-8D0D-5C9C78DCE816}"
EndProject
Project("{FAE04EC0-301F-11D3-BF4B-00C04F79EFBC}") = "MaktabToDoList.EndPoints.MVC", "src\03-EndPoints\MaktabToDoList.EndPoints.MVC\MaktabToDoList.EndPoints.MVC.csproj", "{92DD3901-4F2F-4CC6-82CB-AFFC8B3E8A9A}"
EndProject
Project("{FAE04EC0-301F-11D3-BF4B-00C04F79EFBC}") = "MaktabToDoList-AppService", "src\01-Domain\Services\Application-Services\MaktabToDoList-AppService\MaktabToDoList-AppService.csproj", "{E50D3C17-30A0-4195-9F95-D1372AD91AFB}"
EndProject
Project("{2150E333-8FDC-42A3-9474-1A3956D46DE8}") = "00-Framework", "00-Framework", "{886B8FCD-87E6-4191-865C-0FA12850730E}"
EndProject
Project("{FAE04EC0-301F-11D3-BF4B-00C04F79EFBC}") = "MaktabToDoList.Framework", "src\00-Framework\MaktabToDoList.Framework\MaktabToDoList.Framework.csproj", "{8C054E9C-D311-4D05-901A-EFE52B2719F0}"
EndProject
Global
	GlobalSection(SolutionConfigurationPlatforms) = preSolution
		Debug|Any CPU = Debug|Any CPU
		Release|Any CPU = Release|Any CPU
	EndGlobalSection
	GlobalSection(ProjectConfigurationPlatforms) = postSolution
		{A126D3A4-31B4-4CBF-920F-C9A94A5A6844}.Debug|Any CPU.ActiveCfg = Debug|Any CPU
		{A126D3A4-31B4-4CBF-920F-C9A94A5A6844}.Debug|Any CPU.Build.0 = Debug|Any CPU
		{A126D3A4-31B4-4CBF-920F-C9A94A5A6844}.Release|Any CPU.ActiveCfg = Release|Any CPU
		{A126D3A4-31B4-4CBF-920F-C9A94A5A6844}.Release|Any CPU.Build.0 = Release|Any CPU
		{43F45986-176D-4577-8DBF-DD626FDEC717}.Debug|Any CPU.ActiveCfg = Debug|Any CPU
		{43F45986-176D-4577-8DBF-DD626FDEC717}.Debug|Any CPU.Build.0 = Debug|Any CPU
		{43F45986-176D-4577-8DBF-DD626FDEC717}.Release|Any CPU.ActiveCfg = Release|Any CPU
		{43F45986-176D-4577-8DBF-DD626FDEC717}.Release|Any CPU.Build.0 = Release|Any CPU
		{40D5B033-68B7-440D-8D0D-5C9C78DCE816}.Debug|Any CPU.ActiveCfg = Debug|Any CPU
		{40D5B033-68B7-440D-8D0D-5C9C78DCE816}.Debug|Any CPU.Build.0 = Debug|Any CPU
		{40D5B033-68B7-440D-8D0D-5C9C78DCE816}.Release|Any CPU.ActiveCfg = Release|Any CPU
		{40D5B033-68B7-440D-8D0D-5C9C78DCE816}.Release|Any CPU.Build.0 = Release|Any CPU
		{92DD3901-4F2F-4CC6-82CB-AFFC8B3E8A9A}.Debug|Any CPU.ActiveCfg = Debug|Any CPU
		{92DD3901-4F2F-4CC6-82CB-AFFC8B3E8A9A}.Debug|Any CPU.Build.0 = Debug|Any CPU
		{92DD3901-4F2F-4CC6-82CB-AFFC8B3E8A9A}.Release|Any CPU.ActiveCfg = Release|Any CPU
		{92DD3901-4F2F-4CC6-82CB-AFFC8B3E8A9A}.Release|Any CPU.Build.0 = Release|Any CPU
		{E50D3C17-30A0-4195-9F95-D1372AD91AFB}.Debug|Any CPU.ActiveCfg = Debug|Any CPU
		{E50D3C17-30A0-4195-9F95-D1372AD91AFB}.Debug|Any CPU.Build.0 = Debug|Any CPU
		{E50D3C17-30A0-4195-9F95-D1372AD91AFB}.Release|Any CPU.ActiveCfg = Release|Any CPU
		{E50D3C17-30A0-4195-9F95-D1372AD91AFB}.Release|Any CPU.Build.0 = Release|Any CPU
		{8C054E9C-D311-4D05-901A-EFE52B2719F0}.Debug|Any CPU.ActiveCfg = Debug|Any CPU
		{8C054E9C-D311-4D05-901A-EFE52B2719F0}.Debug|Any CPU.Build.0 = Debug|Any CPU
		{8C054E9C-D311-4D05-901A-EFE52B2719F0}.Release|Any CPU.ActiveCfg = Release|Any CPU
		{8C054E9C-D311-4D05-901A-EFE52B2719F0}.Release|Any CPU.Build.0 = Release|Any CPU
	EndGlobalSection
	GlobalSection(SolutionProperties) = preSolution
		HideSolutionNode = FALSE
	EndGlobalSection
	GlobalSection(NestedProjects) = preSolution
		{76064484-2AC5-40CC-980D-D56310881430} = {02EA681E-C7D8-13C7-8484-4AC65E1B71E8}
		{7C56CD25-4EED-4B6A-B448-6434E7D62C18} = {02EA681E-C7D8-13C7-8484-4AC65E1B71E8}
		{10629E17-D031-4EE9-807E-A6DE13FB55BE} = {02EA681E-C7D8-13C7-8484-4AC65E1B71E8}
		{6515B62A-6BF5-49ED-97CF-34E88C058EC6} = {76064484-2AC5-40CC-980D-D56310881430}
		{C8844109-9274-464C-B147-DF764EDD9E8E} = {76064484-2AC5-40CC-980D-D56310881430}
		{9E96345A-E63D-4E2A-A797-EECA9CF78F30} = {C8844109-9274-464C-B147-DF764EDD9E8E}
		{AB342137-E31E-40D7-8ADB-1FF4101E8DD9} = {C8844109-9274-464C-B147-DF764EDD9E8E}
		{A126D3A4-31B4-4CBF-920F-C9A94A5A6844} = {6515B62A-6BF5-49ED-97CF-34E88C058EC6}
		{43F45986-176D-4577-8DBF-DD626FDEC717} = {AB342137-E31E-40D7-8ADB-1FF4101E8DD9}
		{40D5B033-68B7-440D-8D0D-5C9C78DCE816} = {7C56CD25-4EED-4B6A-B448-6434E7D62C18}
		{92DD3901-4F2F-4CC6-82CB-AFFC8B3E8A9A} = {10629E17-D031-4EE9-807E-A6DE13FB55BE}
		{E50D3C17-30A0-4195-9F95-D1372AD91AFB} = {9E96345A-E63D-4E2A-A797-EECA9CF78F30}
		{886B8FCD-87E6-4191-865C-0FA12850730E} = {02EA681E-C7D8-13C7-8484-4AC65E1B71E8}
		{8C054E9C-D311-4D05-901A-EFE52B2719F0} = {886B8FCD-87E6-4191-865C-0FA12850730E}
	EndGlobalSection
	GlobalSection(ExtensibilityGlobals) = postSolution
		SolutionGuid = {1C1D2860-60EB-4AB7-BAB0-E3F0BDEA0AC1}
	EndGlobalSection
EndGlobal
